// !$*UTF8*$!
{
	archiveVersion = 1;
	classes = {
	};
	objectVersion = 55;
	objects = {

/* Begin PBXBuildFile section */
		47BBD17F283F35CE00F0C31B /* AppDelegate.swift in Sources */ = {isa = PBXBuildFile; fileRef = 47BBD17E283F35CE00F0C31B /* AppDelegate.swift */; };
		47BBD181283F35CE00F0C31B /* SceneDelegate.swift in Sources */ = {isa = PBXBuildFile; fileRef = 47BBD180283F35CE00F0C31B /* SceneDelegate.swift */; };
		47BBD183283F35CE00F0C31B /* ViewController.swift in Sources */ = {isa = PBXBuildFile; fileRef = 47BBD182283F35CE00F0C31B /* ViewController.swift */; };
		47BBD186283F35CE00F0C31B /* Main.storyboard in Resources */ = {isa = PBXBuildFile; fileRef = 47BBD184283F35CE00F0C31B /* Main.storyboard */; };
		47BBD188283F35D000F0C31B /* Assets.xcassets in Resources */ = {isa = PBXBuildFile; fileRef = 47BBD187283F35D000F0C31B /* Assets.xcassets */; };
		47BBD18B283F35D000F0C31B /* LaunchScreen.storyboard in Resources */ = {isa = PBXBuildFile; fileRef = 47BBD189283F35D000F0C31B /* LaunchScreen.storyboard */; };
		47BBD196283F35D000F0C31B /* DataReaderTests.swift in Sources */ = {isa = PBXBuildFile; fileRef = 47BBD195283F35D000F0C31B /* DataReaderTests.swift */; };
		47BBD1A0283F35D100F0C31B /* DataReaderUITests.swift in Sources */ = {isa = PBXBuildFile; fileRef = 47BBD19F283F35D100F0C31B /* DataReaderUITests.swift */; };
		47BBD1A2283F35D100F0C31B /* DataReaderUITestsLaunchTests.swift in Sources */ = {isa = PBXBuildFile; fileRef = 47BBD1A1283F35D100F0C31B /* DataReaderUITestsLaunchTests.swift */; };
/* End PBXBuildFile section */

/* Begin PBXContainerItemProxy section */
		47BBD192283F35D000F0C31B /* PBXContainerItemProxy */ = {
			isa = PBXContainerItemProxy;
			containerPortal = 47BBD173283F35CE00F0C31B /* Project object */;
			proxyType = 1;
			remoteGlobalIDString = 47BBD17A283F35CE00F0C31B;
			remoteInfo = DataReader;
		};
		47BBD19C283F35D100F0C31B /* PBXContainerItemProxy */ = {
			isa = PBXContainerItemProxy;
			containerPortal = 47BBD173283F35CE00F0C31B /* Project object */;
			proxyType = 1;
			remoteGlobalIDString = 47BBD17A283F35CE00F0C31B;
			remoteInfo = DataReader;
		};
/* End PBXContainerItemProxy section */

/* Begin PBXFileReference section */
		47BBD17B283F35CE00F0C31B /* DataReader.app */ = {isa = PBXFileReference; explicitFileType = wrapper.application; includeInIndex = 0; path = DataReader.app; sourceTree = BUILT_PRODUCTS_DIR; };
		47BBD17E283F35CE00F0C31B /* AppDelegate.swift */ = {isa = PBXFileReference; lastKnownFileType = sourcecode.swift; path = AppDelegate.swift; sourceTree = "<group>"; };
		47BBD180283F35CE00F0C31B /* SceneDelegate.swift */ = {isa = PBXFileReference; lastKnownFileType = sourcecode.swift; path = SceneDelegate.swift; sourceTree = "<group>"; };
		47BBD182283F35CE00F0C31B /* ViewController.swift */ = {isa = PBXFileReference; lastKnownFileType = sourcecode.swift; path = ViewController.swift; sourceTree = "<group>"; };
		47BBD185283F35CE00F0C31B /* Base */ = {isa = PBXFileReference; lastKnownFileType = file.storyboard; name = Base; path = Base.lproj/Main.storyboard; sourceTree = "<group>"; };
		47BBD187283F35D000F0C31B /* Assets.xcassets */ = {isa = PBXFileReference; lastKnownFileType = folder.assetcatalog; path = Assets.xcassets; sourceTree = "<group>"; };
		47BBD18A283F35D000F0C31B /* Base */ = {isa = PBXFileReference; lastKnownFileType = file.storyboard; name = Base; path = Base.lproj/LaunchScreen.storyboard; sourceTree = "<group>"; };
		47BBD18C283F35D000F0C31B /* Info.plist */ = {isa = PBXFileReference; lastKnownFileType = text.plist.xml; path = Info.plist; sourceTree = "<group>"; };
		47BBD191283F35D000F0C31B /* DataReaderTests.xctest */ = {isa = PBXFileReference; explicitFileType = wrapper.cfbundle; includeInIndex = 0; path = DataReaderTests.xctest; sourceTree = BUILT_PRODUCTS_DIR; };
		47BBD195283F35D000F0C31B /* DataReaderTests.swift */ = {isa = PBXFileReference; lastKnownFileType = sourcecode.swift; path = DataReaderTests.swift; sourceTree = "<group>"; };
		47BBD19B283F35D100F0C31B /* DataReaderUITests.xctest */ = {isa = PBXFileReference; explicitFileType = wrapper.cfbundle; includeInIndex = 0; path = DataReaderUITests.xctest; sourceTree = BUILT_PRODUCTS_DIR; };
		47BBD19F283F35D100F0C31B /* DataReaderUITests.swift */ = {isa = PBXFileReference; lastKnownFileType = sourcecode.swift; path = DataReaderUITests.swift; sourceTree = "<group>"; };
		47BBD1A1283F35D100F0C31B /* DataReaderUITestsLaunchTests.swift */ = {isa = PBXFileReference; lastKnownFileType = sourcecode.swift; path = DataReaderUITestsLaunchTests.swift; sourceTree = "<group>"; };
/* End PBXFileReference section */

/* Begin PBXFrameworksBuildPhase section */
		47BBD178283F35CE00F0C31B /* Frameworks */ = {
			isa = PBXFrameworksBuildPhase;
			buildActionMask = 2147483647;
			files = (
			);
			runOnlyForDeploymentPostprocessing = 0;
		};
		47BBD18E283F35D000F0C31B /* Frameworks */ = {
			isa = PBXFrameworksBuildPhase;
			buildActionMask = 2147483647;
			files = (
			);
			runOnlyForDeploymentPostprocessing = 0;
		};
		47BBD198283F35D100F0C31B /* Frameworks */ = {
			isa = PBXFrameworksBuildPhase;
			buildActionMask = 2147483647;
			files = (
			);
			runOnlyForDeploymentPostprocessing = 0;
		};
/* End PBXFrameworksBuildPhase section */

/* Begin PBXGroup section */
		47BBD172283F35CE00F0C31B = {
			isa = PBXGroup;
			children = (
				47BBD17D283F35CE00F0C31B /* DataReader */,
				47BBD194283F35D000F0C31B /* DataReaderTests */,
				47BBD19E283F35D100F0C31B /* DataReaderUITests */,
				47BBD17C283F35CE00F0C31B /* Products */,
			);
			sourceTree = "<group>";
		};
		47BBD17C283F35CE00F0C31B /* Products */ = {
			isa = PBXGroup;
			children = (
				47BBD17B283F35CE00F0C31B /* DataReader.app */,
				47BBD191283F35D000F0C31B /* DataReaderTests.xctest */,
				47BBD19B283F35D100F0C31B /* DataReaderUITests.xctest */,
			);
			name = Products;
			sourceTree = "<group>";
		};
		47BBD17D283F35CE00F0C31B /* DataReader */ = {
			isa = PBXGroup;
			children = (
				47BBD17E283F35CE00F0C31B /* AppDelegate.swift */,
				47BBD180283F35CE00F0C31B /* SceneDelegate.swift */,
				47BBD182283F35CE00F0C31B /* ViewController.swift */,
				47BBD184283F35CE00F0C31B /* Main.storyboard */,
				47BBD187283F35D000F0C31B /* Assets.xcassets */,
				47BBD189283F35D000F0C31B /* LaunchScreen.storyboard */,
				47BBD18C283F35D000F0C31B /* Info.plist */,
			);
			path = DataReader;
			sourceTree = "<group>";
		};
		47BBD194283F35D000F0C31B /* DataReaderTests */ = {
			isa = PBXGroup;
			children = (
				47BBD195283F35D000F0C31B /* DataReaderTests.swift */,
			);
			path = DataReaderTests;
			sourceTree = "<group>";
		};
		47BBD19E283F35D100F0C31B /* DataReaderUITests */ = {
			isa = PBXGroup;
			children = (
				47BBD19F283F35D100F0C31B /* DataReaderUITests.swift */,
				47BBD1A1283F35D100F0C31B /* DataReaderUITestsLaunchTests.swift */,
			);
			path = DataReaderUITests;
			sourceTree = "<group>";
		};
/* End PBXGroup section */

/* Begin PBXNativeTarget section */
		47BBD17A283F35CE00F0C31B /* DataReader */ = {
			isa = PBXNativeTarget;
			buildConfigurationList = 47BBD1A5283F35D100F0C31B /* Build configuration list for PBXNativeTarget "DataReader" */;
			buildPhases = (
				47BBD177283F35CE00F0C31B /* Sources */,
				47BBD178283F35CE00F0C31B /* Frameworks */,
				47BBD179283F35CE00F0C31B /* Resources */,
			);
			buildRules = (
			);
			dependencies = (
			);
			name = DataReader;
			productName = DataReader;
			productReference = 47BBD17B283F35CE00F0C31B /* DataReader.app */;
			productType = "com.apple.product-type.application";
		};
		47BBD190283F35D000F0C31B /* DataReaderTests */ = {
			isa = PBXNativeTarget;
			buildConfigurationList = 47BBD1A8283F35D100F0C31B /* Build configuration list for PBXNativeTarget "DataReaderTests" */;
			buildPhases = (
				47BBD18D283F35D000F0C31B /* Sources */,
				47BBD18E283F35D000F0C31B /* Frameworks */,
				47BBD18F283F35D000F0C31B /* Resources */,
			);
			buildRules = (
			);
			dependencies = (
				47BBD193283F35D000F0C31B /* PBXTargetDependency */,
			);
			name = DataReaderTests;
			productName = DataReaderTests;
			productReference = 47BBD191283F35D000F0C31B /* DataReaderTests.xctest */;
			productType = "com.apple.product-type.bundle.unit-test";
		};
		47BBD19A283F35D100F0C31B /* DataReaderUITests */ = {
			isa = PBXNativeTarget;
			buildConfigurationList = 47BBD1AB283F35D100F0C31B /* Build configuration list for PBXNativeTarget "DataReaderUITests" */;
			buildPhases = (
				47BBD197283F35D100F0C31B /* Sources */,
				47BBD198283F35D100F0C31B /* Frameworks */,
				47BBD199283F35D100F0C31B /* Resources */,
			);
			buildRules = (
			);
			dependencies = (
				47BBD19D283F35D100F0C31B /* PBXTargetDependency */,
			);
			name = DataReaderUITests;
			productName = DataReaderUITests;
			productReference = 47BBD19B283F35D100F0C31B /* DataReaderUITests.xctest */;
			productType = "com.apple.product-type.bundle.ui-testing";
		};
/* End PBXNativeTarget section */

/* Begin PBXProject section */
		47BBD173283F35CE00F0C31B /* Project object */ = {
			isa = PBXProject;
			attributes = {
				BuildIndependentTargetsInParallel = 1;
				LastSwiftUpdateCheck = 1330;
				LastUpgradeCheck = 1330;
				TargetAttributes = {
					47BBD17A283F35CE00F0C31B = {
						CreatedOnToolsVersion = 13.3.1;
					};
					47BBD190283F35D000F0C31B = {
						CreatedOnToolsVersion = 13.3.1;
						TestTargetID = 47BBD17A283F35CE00F0C31B;
					};
					47BBD19A283F35D100F0C31B = {
						CreatedOnToolsVersion = 13.3.1;
						TestTargetID = 47BBD17A283F35CE00F0C31B;
					};
				};
			};
			buildConfigurationList = 47BBD176283F35CE00F0C31B /* Build configuration list for PBXProject "DataReader" */;
			compatibilityVersion = "Xcode 13.0";
			developmentRegion = en;
			hasScannedForEncodings = 0;
			knownRegions = (
				en,
				Base,
			);
			mainGroup = 47BBD172283F35CE00F0C31B;
			productRefGroup = 47BBD17C283F35CE00F0C31B /* Products */;
			projectDirPath = "";
			projectRoot = "";
			targets = (
				47BBD17A283F35CE00F0C31B /* DataReader */,
				47BBD190283F35D000F0C31B /* DataReaderTests */,
				47BBD19A283F35D100F0C31B /* DataReaderUITests */,
			);
		};
/* End PBXProject section */

/* Begin PBXResourcesBuildPhase section */
		47BBD179283F35CE00F0C31B /* Resources */ = {
			isa = PBXResourcesBuildPhase;
			buildActionMask = 2147483647;
			files = (
				47BBD18B283F35D000F0C31B /* LaunchScreen.storyboard in Resources */,
				47BBD188283F35D000F0C31B /* Assets.xcassets in Resources */,
				47BBD186283F35CE00F0C31B /* Main.storyboard in Resources */,
			);
			runOnlyForDeploymentPostprocessing = 0;
		};
		47BBD18F283F35D000F0C31B /* Resources */ = {
			isa = PBXResourcesBuildPhase;
			buildActionMask = 2147483647;
			files = (
			);
			runOnlyForDeploymentPostprocessing = 0;
		};
		47BBD199283F35D100F0C31B /* Resources */ = {
			isa = PBXResourcesBuildPhase;
			buildActionMask = 2147483647;
			files = (
			);
			runOnlyForDeploymentPostprocessing = 0;
		};
/* End PBXResourcesBuildPhase section */

/* Begin PBXSourcesBuildPhase section */
		47BBD177283F35CE00F0C31B /* Sources */ = {
			isa = PBXSourcesBuildPhase;
			buildActionMask = 2147483647;
			files = (
				47BBD183283F35CE00F0C31B /* ViewController.swift in Sources */,
				47BBD17F283F35CE00F0C31B /* AppDelegate.swift in Sources */,
				47BBD181283F35CE00F0C31B /* SceneDelegate.swift in Sources */,
			);
			runOnlyForDeploymentPostprocessing = 0;
		};
		47BBD18D283F35D000F0C31B /* Sources */ = {
			isa = PBXSourcesBuildPhase;
			buildActionMask = 2147483647;
			files = (
				47BBD196283F35D000F0C31B /* DataReaderTests.swift in Sources */,
			);
			runOnlyForDeploymentPostprocessing = 0;
		};
		47BBD197283F35D100F0C31B /* Sources */ = {
			isa = PBXSourcesBuildPhase;
			buildActionMask = 2147483647;
			files = (
				47BBD1A0283F35D100F0C31B /* DataReaderUITests.swift in Sources */,
				47BBD1A2283F35D100F0C31B /* DataReaderUITestsLaunchTests.swift in Sources */,
			);
			runOnlyForDeploymentPostprocessing = 0;
		};
/* End PBXSourcesBuildPhase section */

/* Begin PBXTargetDependency section */
		47BBD193283F35D000F0C31B /* PBXTargetDependency */ = {
			isa = PBXTargetDependency;
			target = 47BBD17A283F35CE00F0C31B /* DataReader */;
			targetProxy = 47BBD192283F35D000F0C31B /* PBXContainerItemProxy */;
		};
		47BBD19D283F35D100F0C31B /* PBXTargetDependency */ = {
			isa = PBXTargetDependency;
			target = 47BBD17A283F35CE00F0C31B /* DataReader */;
			targetProxy = 47BBD19C283F35D100F0C31B /* PBXContainerItemProxy */;
		};
/* End PBXTargetDependency section */

/* Begin PBXVariantGroup section */
		47BBD184283F35CE00F0C31B /* Main.storyboard */ = {
			isa = PBXVariantGroup;
			children = (
				47BBD185283F35CE00F0C31B /* Base */,
			);
			name = Main.storyboard;
			sourceTree = "<group>";
		};
		47BBD189283F35D000F0C31B /* LaunchScreen.storyboard */ = {
			isa = PBXVariantGroup;
			children = (
				47BBD18A283F35D000F0C31B /* Base */,
			);
			name = LaunchScreen.storyboard;
			sourceTree = "<group>";
		};
/* End PBXVariantGroup section */

/* Begin XCBuildConfiguration section */
		47BBD1A3283F35D100F0C31B /* Debug */ = {
			isa = XCBuildConfiguration;
			buildSettings = {
				ALWAYS_SEARCH_USER_PATHS = NO;
				CLANG_ANALYZER_NONNULL = YES;
				CLANG_ANALYZER_NUMBER_OBJECT_CONVERSION = YES_AGGRESSIVE;
				CLANG_CXX_LANGUAGE_STANDARD = "gnu++17";
				CLANG_ENABLE_MODULES = YES;
				CLANG_ENABLE_OBJC_ARC = YES;
				CLANG_ENABLE_OBJC_WEAK = YES;
				CLANG_WARN_BLOCK_CAPTURE_AUTORELEASING = YES;
				CLANG_WARN_BOOL_CONVERSION = YES;
				CLANG_WARN_COMMA = YES;
				CLANG_WARN_CONSTANT_CONVERSION = YES;
				CLANG_WARN_DEPRECATED_OBJC_IMPLEMENTATIONS = YES;
				CLANG_WARN_DIRECT_OBJC_ISA_USAGE = YES_ERROR;
				CLANG_WARN_DOCUMENTATION_COMMENTS = YES;
				CLANG_WARN_EMPTY_BODY = YES;
				CLANG_WARN_ENUM_CONVERSION = YES;
				CLANG_WARN_INFINITE_RECURSION = YES;
				CLANG_WARN_INT_CONVERSION = YES;
				CLANG_WARN_NON_LITERAL_NULL_CONVERSION = YES;
				CLANG_WARN_OBJC_IMPLICIT_RETAIN_SELF = YES;
				CLANG_WARN_OBJC_LITERAL_CONVERSION = YES;
				CLANG_WARN_OBJC_ROOT_CLASS = YES_ERROR;
				CLANG_WARN_QUOTED_INCLUDE_IN_FRAMEWORK_HEADER = YES;
				CLANG_WARN_RANGE_LOOP_ANALYSIS = YES;
				CLANG_WARN_STRICT_PROTOTYPES = YES;
				CLANG_WARN_SUSPICIOUS_MOVE = YES;
				CLANG_WARN_UNGUARDED_AVAILABILITY = YES_AGGRESSIVE;
				CLANG_WARN_UNREACHABLE_CODE = YES;
				CLANG_WARN__DUPLICATE_METHOD_MATCH = YES;
				COPY_PHASE_STRIP = NO;
				DEBUG_INFORMATION_FORMAT = dwarf;
				ENABLE_STRICT_OBJC_MSGSEND = YES;
				ENABLE_TESTABILITY = YES;
				GCC_C_LANGUAGE_STANDARD = gnu11;
				GCC_DYNAMIC_NO_PIC = NO;
				GCC_NO_COMMON_BLOCKS = YES;
				GCC_OPTIMIZATION_LEVEL = 0;
				GCC_PREPROCESSOR_DEFINITIONS = (
					"DEBUG=1",
					"$(inherited)",
				);
				GCC_WARN_64_TO_32_BIT_CONVERSION = YES;
				GCC_WARN_ABOUT_RETURN_TYPE = YES_ERROR;
				GCC_WARN_UNDECLARED_SELECTOR = YES;
				GCC_WARN_UNINITIALIZED_AUTOS = YES_AGGRESSIVE;
				GCC_WARN_UNUSED_FUNCTION = YES;
				GCC_WARN_UNUSED_VARIABLE = YES;
				IPHONEOS_DEPLOYMENT_TARGET = 15.4;
				MTL_ENABLE_DEBUG_INFO = INCLUDE_SOURCE;
				MTL_FAST_MATH = YES;
				ONLY_ACTIVE_ARCH = YES;
				SDKROOT = iphoneos;
				SWIFT_ACTIVE_COMPILATION_CONDITIONS = DEBUG;
				SWIFT_OPTIMIZATION_LEVEL = "-Onone";
			};
			name = Debug;
		};
		47BBD1A4283F35D100F0C31B /* Release */ = {
			isa = XCBuildConfiguration;
			buildSettings = {
				ALWAYS_SEARCH_USER_PATHS = NO;
				CLANG_ANALYZER_NONNULL = YES;
				CLANG_ANALYZER_NUMBER_OBJECT_CONVERSION = YES_AGGRESSIVE;
				CLANG_CXX_LANGUAGE_STANDARD = "gnu++17";
				CLANG_ENABLE_MODULES = YES;
				CLANG_ENABLE_OBJC_ARC = YES;
				CLANG_ENABLE_OBJC_WEAK = YES;
				CLANG_WARN_BLOCK_CAPTURE_AUTORELEASING = YES;
				CLANG_WARN_BOOL_CONVERSION = YES;
				CLANG_WARN_COMMA = YES;
				CLANG_WARN_CONSTANT_CONVERSION = YES;
				CLANG_WARN_DEPRECATED_OBJC_IMPLEMENTATIONS = YES;
				CLANG_WARN_DIRECT_OBJC_ISA_USAGE = YES_ERROR;
				CLANG_WARN_DOCUMENTATION_COMMENTS = YES;
				CLANG_WARN_EMPTY_BODY = YES;
				CLANG_WARN_ENUM_CONVERSION = YES;
				CLANG_WARN_INFINITE_RECURSION = YES;
				CLANG_WARN_INT_CONVERSION = YES;
				CLANG_WARN_NON_LITERAL_NULL_CONVERSION = YES;
				CLANG_WARN_OBJC_IMPLICIT_RETAIN_SELF = YES;
				CLANG_WARN_OBJC_LITERAL_CONVERSION = YES;
				CLANG_WARN_OBJC_ROOT_CLASS = YES_ERROR;
				CLANG_WARN_QUOTED_INCLUDE_IN_FRAMEWORK_HEADER = YES;
				CLANG_WARN_RANGE_LOOP_ANALYSIS = YES;
				CLANG_WARN_STRICT_PROTOTYPES = YES;
				CLANG_WARN_SUSPICIOUS_MOVE = YES;
				CLANG_WARN_UNGUARDED_AVAILABILITY = YES_AGGRESSIVE;
				CLANG_WARN_UNREACHABLE_CODE = YES;
				CLANG_WARN__DUPLICATE_METHOD_MATCH = YES;
				COPY_PHASE_STRIP = NO;
				DEBUG_INFORMATION_FORMAT = "dwarf-with-dsym";
				ENABLE_NS_ASSERTIONS = NO;
				ENABLE_STRICT_OBJC_MSGSEND = YES;
				GCC_C_LANGUAGE_STANDARD = gnu11;
				GCC_NO_COMMON_BLOCKS = YES;
				GCC_WARN_64_TO_32_BIT_CONVERSION = YES;
				GCC_WARN_ABOUT_RETURN_TYPE = YES_ERROR;
				GCC_WARN_UNDECLARED_SELECTOR = YES;
				GCC_WARN_UNINITIALIZED_AUTOS = YES_AGGRESSIVE;
				GCC_WARN_UNUSED_FUNCTION = YES;
				GCC_WARN_UNUSED_VARIABLE = YES;
				IPHONEOS_DEPLOYMENT_TARGET = 15.4;
				MTL_ENABLE_DEBUG_INFO = NO;
				MTL_FAST_MATH = YES;
				SDKROOT = iphoneos;
				SWIFT_COMPILATION_MODE = wholemodule;
				SWIFT_OPTIMIZATION_LEVEL = "-O";
				VALIDATE_PRODUCT = YES;
			};
			name = Release;
		};
		47BBD1A6283F35D100F0C31B /* Debug */ = {
			isa = XCBuildConfiguration;
			buildSettings = {
				ASSETCATALOG_COMPILER_APPICON_NAME = AppIcon;
				ASSETCATALOG_COMPILER_GLOBAL_ACCENT_COLOR_NAME = AccentColor;
				CODE_SIGN_STYLE = Automatic;
				CURRENT_PROJECT_VERSION = 1;
				GENERATE_INFOPLIST_FILE = YES;
				INFOPLIST_FILE = DataReader/Info.plist;
				INFOPLIST_KEY_UIApplicationSupportsIndirectInputEvents = YES;
				INFOPLIST_KEY_UILaunchStoryboardName = LaunchScreen;
				INFOPLIST_KEY_UIMainStoryboardFile = Main;
				INFOPLIST_KEY_UISupportedInterfaceOrientations_iPad = "UIInterfaceOrientationPortrait UIInterfaceOrientationPortraitUpsideDown UIInterfaceOrientationLandscapeLeft UIInterfaceOrientationLandscapeRight";
				INFOPLIST_KEY_UISupportedInterfaceOrientations_iPhone = "UIInterfaceOrientationPortrait UIInterfaceOrientationLandscapeLeft UIInterfaceOrientationLandscapeRight";
				LD_RUNPATH_SEARCH_PATHS = (
					"$(inherited)",
					"@executable_path/Frameworks",
				);
				MARKETING_VERSION = 1.0;
				PRODUCT_BUNDLE_IDENTIFIER = WendraRianto.DataReader;
				PRODUCT_NAME = "$(TARGET_NAME)";
				SWIFT_EMIT_LOC_STRINGS = YES;
				SWIFT_VERSION = 5.0;
				TARGETED_DEVICE_FAMILY = "1,2";
			};
			name = Debug;
		};
		47BBD1A7283F35D100F0C31B /* Release */ = {
			isa = XCBuildConfiguration;
			buildSettings = {
				ASSETCATALOG_COMPILER_APPICON_NAME = AppIcon;
				ASSETCATALOG_COMPILER_GLOBAL_ACCENT_COLOR_NAME = AccentColor;
				CODE_SIGN_STYLE = Automatic;
				CURRENT_PROJECT_VERSION = 1;
				GENERATE_INFOPLIST_FILE = YES;
				INFOPLIST_FILE = DataReader/Info.plist;
				INFOPLIST_KEY_UIApplicationSupportsIndirectInputEvents = YES;
				INFOPLIST_KEY_UILaunchStoryboardName = LaunchScreen;
				INFOPLIST_KEY_UIMainStoryboardFile = Main;
				INFOPLIST_KEY_UISupportedInterfaceOrientations_iPad = "UIInterfaceOrientationPortrait UIInterfaceOrientationPortraitUpsideDown UIInterfaceOrientationLandscapeLeft UIInterfaceOrientationLandscapeRight";
				INFOPLIST_KEY_UISupportedInterfaceOrientations_iPhone = "UIInterfaceOrientationPortrait UIInterfaceOrientationLandscapeLeft UIInterfaceOrientationLandscapeRight";
				LD_RUNPATH_SEARCH_PATHS = (
					"$(inherited)",
					"@executable_path/Frameworks",
				);
				MARKETING_VERSION = 1.0;
				PRODUCT_BUNDLE_IDENTIFIER = WendraRianto.DataReader;
				PRODUCT_NAME = "$(TARGET_NAME)";
				SWIFT_EMIT_LOC_STRINGS = YES;
				SWIFT_VERSION = 5.0;
				TARGETED_DEVICE_FAMILY = "1,2";
			};
			name = Release;
		};
		47BBD1A9283F35D100F0C31B /* Debug */ = {
			isa = XCBuildConfiguration;
			buildSettings = {
				ALWAYS_EMBED_SWIFT_STANDARD_LIBRARIES = YES;
				BUNDLE_LOADER = "$(TEST_HOST)";
				CODE_SIGN_STYLE = Automatic;
				CURRENT_PROJECT_VERSION = 1;
				GENERATE_INFOPLIST_FILE = YES;
				IPHONEOS_DEPLOYMENT_TARGET = 15.4;
				MARKETING_VERSION = 1.0;
				PRODUCT_BUNDLE_IDENTIFIER = WendraRianto.DataReaderTests;
				PRODUCT_NAME = "$(TARGET_NAME)";
				SWIFT_EMIT_LOC_STRINGS = NO;
				SWIFT_VERSION = 5.0;
				TARGETED_DEVICE_FAMILY = "1,2";
				TEST_HOST = "$(BUILT_PRODUCTS_DIR)/DataReader.app/DataReader";
			};
			name = Debug;
		};
		47BBD1AA283F35D100F0C31B /* Release */ = {
			isa = XCBuildConfiguration;
			buildSettings = {
				ALWAYS_EMBED_SWIFT_STANDARD_LIBRARIES = YES;
				BUNDLE_LOADER = "$(TEST_HOST)";
				CODE_SIGN_STYLE = Automatic;
				CURRENT_PROJECT_VERSION = 1;
				GENERATE_INFOPLIST_FILE = YES;
				IPHONEOS_DEPLOYMENT_TARGET = 15.4;
				MARKETING_VERSION = 1.0;
				PRODUCT_BUNDLE_IDENTIFIER = WendraRianto.DataReaderTests;
				PRODUCT_NAME = "$(TARGET_NAME)";
				SWIFT_EMIT_LOC_STRINGS = NO;
				SWIFT_VERSION = 5.0;
				TARGETED_DEVICE_FAMILY = "1,2";
				TEST_HOST = "$(BUILT_PRODUCTS_DIR)/DataReader.app/DataReader";
			};
			name = Release;
		};
		47BBD1AC283F35D100F0C31B /* Debug */ = {
			isa = XCBuildConfiguration;
			buildSettings = {
				ALWAYS_EMBED_SWIFT_STANDARD_LIBRARIES = YES;
				CODE_SIGN_STYLE = Automatic;
				CURRENT_PROJECT_VERSION = 1;
				GENERATE_INFOPLIST_FILE = YES;
				MARKETING_VERSION = 1.0;
				PRODUCT_BUNDLE_IDENTIFIER = WendraRianto.DataReaderUITests;
				PRODUCT_NAME = "$(TARGET_NAME)";
				SWIFT_EMIT_LOC_STRINGS = NO;
				SWIFT_VERSION = 5.0;
				TARGETED_DEVICE_FAMILY = "1,2";
				TEST_TARGET_NAME = DataReader;
			};
			name = Debug;
		};
		47BBD1AD283F35D100F0C31B /* Release */ = {
			isa = XCBuildConfiguration;
			buildSettings = {
				ALWAYS_EMBED_SWIFT_STANDARD_LIBRARIES = YES;
				CODE_SIGN_STYLE = Automatic;
				CURRENT_PROJECT_VERSION = 1;
				GENERATE_INFOPLIST_FILE = YES;
				MARKETING_VERSION = 1.0;
				PRODUCT_BUNDLE_IDENTIFIER = WendraRianto.DataReaderUITests;
				PRODUCT_NAME = "$(TARGET_NAME)";
				SWIFT_EMIT_LOC_STRINGS = NO;
				SWIFT_VERSION = 5.0;
				TARGETED_DEVICE_FAMILY = "1,2";
				TEST_TARGET_NAME = DataReader;
			};
			name = Release;
		};
/* End XCBuildConfiguration section */

/* Begin XCConfigurationList section */
		47BBD176283F35CE00F0C31B /* Build configuration list for PBXProject "DataReader" */ = {
			isa = XCConfigurationList;
			buildConfigurations = (
				47BBD1A3283F35D100F0C31B /* Debug */,
				47BBD1A4283F35D100F0C31B /* Release */,
			);
			defaultConfigurationIsVisible = 0;
			defaultConfigurationName = Release;
		};
		47BBD1A5283F35D100F0C31B /* Build configuration list for PBXNativeTarget "DataReader" */ = {
			isa = XCConfigurationList;
			buildConfigurations = (
				47BBD1A6283F35D100F0C31B /* Debug */,
				47BBD1A7283F35D100F0C31B /* Release */,
			);
			defaultConfigurationIsVisible = 0;
			defaultConfigurationName = Release;
		};
		47BBD1A8283F35D100F0C31B /* Build configuration list for PBXNativeTarget "DataReaderTests" */ = {
			isa = XCConfigurationList;
			buildConfigurations = (
				47BBD1A9283F35D100F0C31B /* Debug */,
				47BBD1AA283F35D100F0C31B /* Release */,
			);
			defaultConfigurationIsVisible = 0;
			defaultConfigurationName = Release;
		};
		47BBD1AB283F35D100F0C31B /* Build configuration list for PBXNativeTarget "DataReaderUITests" */ = {
			isa = XCConfigurationList;
			buildConfigurations = (
				47BBD1AC283F35D100F0C31B /* Debug */,
				47BBD1AD283F35D100F0C31B /* Release */,
			);
			defaultConfigurationIsVisible = 0;
			defaultConfigurationName = Release;
		};
/* End XCConfigurationList section */
	};
	rootObject = 47BBD173283F35CE00F0C31B /* Project object */;
}
